{
    "_readme": [
        "This file locks the dependencies of your project to a known state",
        "Read more about it at https://getcomposer.org/doc/01-basic-usage.md#installing-dependencies",
        "This file is @generated automatically"
    ],
    "content-hash": "49c805659581c7079185e11ff166e808",
    "packages": [
        {
            "name": "elightup/plugin-search",
            "version": "dev-master",
            "source": {
                "type": "git",
                "url": "git@github.com:elightup/plugin-search.git",
                "reference": "f5f317fb991cc11760ce9f63a423d62f844523c4"
            },
            "default-branch": true,
            "type": "library",
            "autoload": {
                "psr-4": {
                    "eLightUp\\PluginSearch\\": "src/"
                },
                "files": [
                    "bootstrap.php"
                ]
            },
            "time": "2023-09-16T07:09:15+00:00"
        },
        {
            "name": "elightup/plugin-updater",
            "version": "dev-master",
            "source": {
                "type": "git",
                "url": "git@github.com:elightup/plugin-updater.git",
                "reference": "2822c48724fbc9e4c7798c96366929ff3ce5a1b5"
            },
            "default-branch": true,
            "type": "library",
            "autoload": {
                "psr-4": {
                    "eLightUp\\PluginUpdater\\": [
                        "src/"
                    ]
                }
            },
            "time": "2024-11-15T05:30:26+00:00"
        },
        {
            "name": "gamajo/template-loader",
            "version": "1.3.1",
            "source": {
                "type": "git",
                "url": "https://github.com/GaryJones/Gamajo-Template-Loader.git",
                "reference": "fa92a37b780d945463f7fea328dce14933558752"
            },
            "dist": {
                "type": "zip",
                "url": "https://api.github.com/repos/GaryJones/Gamajo-Template-Loader/zipball/fa92a37b780d945463f7fea328dce14933558752",
                "reference": "fa92a37b780d945463f7fea328dce14933558752",
                "shasum": ""
            },
            "require": {
                "php": ">=5.2.4"
            },
            "require-dev": {
                "dealerdirect/phpcodesniffer-composer-installer": "^0.4.4",
                "php": ">=7.1",
                "phpcompatibility/phpcompatibility-wp": "^1",
                "roave/security-advisories": "dev-master",
                "squizlabs/php_codesniffer": "^3.3",
                "wp-coding-standards/wpcs": "^1"
            },
            "suggest": {
                "coenjacobs/mozart": "Easily wrap this library with your own prefix, to prevent collisions when multiple plugins use this library"
            },
            "type": "library",
            "autoload": {
                "classmap": [
                    "class-gamajo-template-loader.php"
                ]
            },
            "notification-url": "https://packagist.org/downloads/",
            "license": [
                "GPL-2.0-or-later"
            ],
            "authors": [
                {
                    "name": "Gary Jones",
                    "homepage": "https://gamajo.com",
                    "role": "Developer"
                }
            ],
            "description": "A class for your WordPress plugin, to allow loading template parts with fallback through the child theme > parent theme > plugin",
            "homepage": "https://github.com/GaryJones/Gamajo-Template-Loader",
            "keywords": [
                "templates",
                "wordpress"
            ],
            "support": {
                "issues": "https://github.com/GaryJones/Gamajo-Template-Loader/issues",
                "source": "https://github.com/GaryJones/Gamajo-Template-Loader/tree/develop"
            },
            "time": "2018-09-24T10:23:49+00:00"
        },
        {
            "name": "meta-box/mb-frontend-submission",
            "version": "dev-master",
            "source": {
                "type": "git",
                "url": "git@github.com:wpmetabox/mb-frontend-submission.git",
                "reference": "fd43abb2e1a7fcf836034f61783d46d6d74fb06a"
            },
            "require": {
                "gamajo/template-loader": "^1.3"
            },
            "require-dev": {
                "phpunit/phpunit": "^11.3"
            },
            "default-branch": true,
            "type": "wordpress-plugin",
            "extra": {
                "dev-files": {
                    "/": [
                        ".github/",
                        ".gitattributes",
                        ".gitignore",
                        ".editoconfig",
                        "LICENSE",
                        "*.md",
                        "test/",
                        "tests/"
                    ],
                    "meta-box/*": [
                        ".git",
                        ".distignore",
                        ".babelrc",
                        "webpack.config.js",
                        "*.lock",
                        "*.json",
                        "*.yml",
                        "*.txt",
                        "*.less",
                        "*.scss",
                        "*.po",
                        "*.pot",
                        "demo.php",
                        "demo/",
                        "sass/",
                        "vendor/"
                    ],
                    "wpmetabox/*": [
                        ".git",
                        ".distignore",
                        ".babelrc",
                        "webpack.config.js",
                        "*.lock",
                        "*.json",
                        "*.yml",
                        "*.txt",
                        "*.less",
                        "*.scss",
                        "*.po",
                        "*.pot",
                        "demo.php",
                        "demo/",
                        "sass/",
                        "vendor/"
                    ],
                    "composer": [
                        "LICENSE"
                    ],
                    "gamajo/template-loader": [
                        ".editoconfig",
                        ".gitignore",
                        ".phpcs.xml.dist",
                        "*.md",
                        "*.json",
                        "LICENSE"
                    ]
                }
            },
            "autoload": {
                "psr-4": {
                    "MBFS\\": [
                        "src/"
                    ]
                }
            },
            "scripts": {
                "test": [
                    "./vendor/bin/phpunit"
                ]
            },
            "time": "2024-11-20T07:11:06+00:00"
        },
        {
            "name": "meta-box/mb-settings-page",
            "version": "dev-master",
            "source": {
                "type": "git",
                "url": "git@github.com:wpmetabox/mb-settings-page.git",
                "reference": "33677f7060a77561d3b6e7d72e4e646017a79f78"
            },
            "default-branch": true,
            "type": "wordpress-plugin",
            "autoload": {
                "psr-4": {
                    "MBSP\\": "src/"
                },
                "classmap": [
                    "src/BackupField.php"
                ]
            },
            "time": "2024-08-19T07:15:28+00:00"
        },
        {
            "name": "meta-box/meta-box-columns",
            "version": "dev-master",
            "source": {
                "type": "git",
                "url": "git@github.com:wpmetabox/meta-box-columns.git",
                "reference": "0fcdbd347e975fa75a5f368ba35bd0b6a3e0192e"
            },
            "default-branch": true,
            "type": "wordpress-plugin",
            "autoload": {
                "psr-4": {
                    "MetaBox\\Columns\\": "src/"
                }
            },
            "time": "2024-08-19T07:17:28+00:00"
        },
        {
            "name": "meta-box/meta-box-geolocation",
            "version": "dev-master",
            "source": {
                "type": "git",
                "url": "git@github.com:wpmetabox/meta-box-geolocation.git",
                "reference": "12e3aa07a65193a3e77de956e2d6cc939af22836"
            },
            "default-branch": true,
            "type": "wordpress-plugin",
            "time": "2024-08-19T07:36:47+00:00"
        },
        {
            "name": "meta-box/meta-box-group",
            "version": "dev-master",
            "source": {
                "type": "git",
                "url": "git@github.com:wpmetabox/meta-box-group.git",
                "reference": "badb92dfa065e1745b57521f411b056a8804cf6f"
            },
            "default-branch": true,
            "type": "wordpress-plugin",
            "time": "2024-11-19T04:31:41+00:00"
        }
    ],
    "packages-dev": [],
    "aliases": [],
    "minimum-stability": "dev",
    "stability-flags": {
        "meta-box/mb-frontend-submission": 20,
        "meta-box/mb-settings-page": 20,
        "meta-box/meta-box-columns": 20,
        "meta-box/meta-box-geolocation": 20,
        "meta-box/meta-box-group": 20,
        "elightup/plugin-updater": 20,
        "elightup/plugin-search": 20
    },
    "prefer-stable": true,
    "prefer-lowest": false,
    "platform": [],
    "platform-dev": [],
    "plugin-api-version": "2.3.0"
}
